
Microsoft Visual Studio Solution File, Format Version 12.00
# Visual Studio 14
VisualStudioVersion = 14.0.25420.1
MinimumVisualStudioVersion = 10.0.40219.1
Project("{8BC9CEB8-8B4A-11D0-8D11-00A0C91BC942}") = "Core", "Core\Core.vcxproj", "{484A59BB-63D7-4F4A-925C-9F82B106D575}"
EndProject
Project("{FAE04EC0-301F-11D3-BF4B-00C04F79EFBC}") = "GUI", "GUI\GUI.csproj", "{5B857FF5-4BA0-49E8-B761-FE89B5C37103}"
	ProjectSection(ProjectDependencies) = postProject
		{484A59BB-63D7-4F4A-925C-9F82B106D575} = {484A59BB-63D7-4F4A-925C-9F82B106D575}
	EndProjectSection
EndProject
Project("{2150E333-8FDC-42A3-9474-1A3956D46DE8}") = "Solution Items", "Solution Items", "{76F4A789-645E-4F16-88E7-8E2C20266C63}"
	ProjectSection(SolutionItems) = preProject
		Performance1.psess = Performance1.psess
	EndProjectSection
EndProject
Global
	GlobalSection(SolutionConfigurationPlatforms) = preSolution
		Debug|Any CPU = Debug|Any CPU
		Debug|x64 = Debug|x64
		Debug|x86 = Debug|x86
		Release|Any CPU = Release|Any CPU
		Release|x64 = Release|x64
		Release|x86 = Release|x86
	EndGlobalSection
	GlobalSection(ProjectConfigurationPlatforms) = postSolution
		{484A59BB-63D7-4F4A-925C-9F82B106D575}.Debug|Any CPU.ActiveCfg = Debug|Win32
		{484A59BB-63D7-4F4A-925C-9F82B106D575}.Debug|x64.ActiveCfg = Debug|x64
		{484A59BB-63D7-4F4A-925C-9F82B106D575}.Debug|x64.Build.0 = Debug|x64
		{484A59BB-63D7-4F4A-925C-9F82B106D575}.Debug|x86.ActiveCfg = Debug|Win32
		{484A59BB-63D7-4F4A-925C-9F82B106D575}.Debug|x86.Build.0 = Debug|Win32
		{484A59BB-63D7-4F4A-925C-9F82B106D575}.Release|Any CPU.ActiveCfg = Release|Win32
		{484A59BB-63D7-4F4A-925C-9F82B106D575}.Release|x64.ActiveCfg = Release|x64
		{484A59BB-63D7-4F4A-925C-9F82B106D575}.Release|x64.Build.0 = Release|x64
		{484A59BB-63D7-4F4A-925C-9F82B106D575}.Release|x86.ActiveCfg = Release|Win32
		{484A59BB-63D7-4F4A-925C-9F82B106D575}.Release|x86.Build.0 = Release|Win32
		{5B857FF5-4BA0-49E8-B761-FE89B5C37103}.Debug|Any CPU.ActiveCfg = Debug|x86
		{5B857FF5-4BA0-49E8-B761-FE89B5C37103}.Debug|x64.ActiveCfg = Debug|x64
		{5B857FF5-4BA0-49E8-B761-FE89B5C37103}.Debug|x64.Build.0 = Debug|x64
		{5B857FF5-4BA0-49E8-B761-FE89B5C37103}.Debug|x86.ActiveCfg = Debug|x86
		{5B857FF5-4BA0-49E8-B761-FE89B5C37103}.Debug|x86.Build.0 = Debug|x86
		{5B857FF5-4BA0-49E8-B761-FE89B5C37103}.Release|Any CPU.ActiveCfg = Release|x86
		{5B857FF5-4BA0-49E8-B761-FE89B5C37103}.Release|x64.ActiveCfg = Release|x64
		{5B857FF5-4BA0-49E8-B761-FE89B5C37103}.Release|x64.Build.0 = Release|x64
		{5B857FF5-4BA0-49E8-B761-FE89B5C37103}.Release|x86.ActiveCfg = Release|x86
		{5B857FF5-4BA0-49E8-B761-FE89B5C37103}.Release|x86.Build.0 = Release|x86
	EndGlobalSection
	GlobalSection(SolutionProperties) = preSolution
		HideSolutionNode = FALSE
	EndGlobalSection
EndGlobal
